// !$*UTF8*$!
{
	archiveVersion = 1;
	classes = {
	};
	objectVersion = 77;
	objects = {

/* Begin PBXBuildFile section */
		01CDE8182897CEAD4C478BC3 /* SystemAudioCapture.swift in Sources */ = {isa = PBXBuildFile; fileRef = A44C43CD3198FFDC48205C15 /* SystemAudioCapture.swift */; };
		04B319C51ECCA34B22F9F0DD /* FloatingWidgetPanel.swift in Sources */ = {isa = PBXBuildFile; fileRef = 241E77DEAB2637C886E754BF /* FloatingWidgetPanel.swift */; };
		1531546FD9F8A26BFAF1DB24 /* AnalysisEngine.swift in Sources */ = {isa = PBXBuildFile; fileRef = F12FE1332BE466D7829AE001 /* AnalysisEngine.swift */; };
		27827C0639876901D93F1639 /* AudioChunker.swift in Sources */ = {isa = PBXBuildFile; fileRef = B0473B81201F565CBCBE0BF1 /* AudioChunker.swift */; };
		2E16985C4F2808776711842B /* OllamaProvider.swift in Sources */ = {isa = PBXBuildFile; fileRef = 45F6D1C43FD4F038B52E1BC6 /* OllamaProvider.swift */; };
		2E16E519EA8C90CD29678AA9 /* MicrophoneCapture.swift in Sources */ = {isa = PBXBuildFile; fileRef = 3B50C619A8308F67DE1C9ECA /* MicrophoneCapture.swift */; };
		2F90F87DEAB2B14826B418A9 /* DKETests.swift in Sources */ = {isa = PBXBuildFile; fileRef = B466DAF16ED137C69AF13E04 /* DKETests.swift */; };
		2FCE228CF86C40A5871928AC /* Prompts.swift in Sources */ = {isa = PBXBuildFile; fileRef = 58A6BD490393137DCF222721 /* Prompts.swift */; };
		335D075F19376112AA79C9A9 /* KnowledgeBrowserView.swift in Sources */ = {isa = PBXBuildFile; fileRef = 356A87C3DFBE6F73FF50A393 /* KnowledgeBrowserView.swift */; };
		3894E038735997B66E430327 /* SessionDetailView.swift in Sources */ = {isa = PBXBuildFile; fileRef = 51DD92DFDDC8D376686F6470 /* SessionDetailView.swift */; };
		47FCB2DE15E34213775B99AD /* CoreDataModel.swift in Sources */ = {isa = PBXBuildFile; fileRef = 0126A64299849DE5B9210017 /* CoreDataModel.swift */; };
		587D467B6EE0C28CA7F7884A /* AnthropicProvider.swift in Sources */ = {isa = PBXBuildFile; fileRef = FCFB14EBA1CF1B6CA87B18C9 /* AnthropicProvider.swift */; };
		5C1A18E6075C7BDBE72DE438 /* WhisperContext.swift in Sources */ = {isa = PBXBuildFile; fileRef = 481D3D9188856AD817273D29 /* WhisperContext.swift */; };
		69BA54F4DB4A61745B19BFDF /* SessionOrchestrator.swift in Sources */ = {isa = PBXBuildFile; fileRef = 8585BC6A49AF6030FF4AFC92 /* SessionOrchestrator.swift */; };
		6EC9A5E79FA6A17770FB6446 /* SettingsView.swift in Sources */ = {isa = PBXBuildFile; fileRef = DB2535F0593D88FE4D08D91B /* SettingsView.swift */; };
		75EF019648BEB0BF97B40702 /* ManagedObjects.swift in Sources */ = {isa = PBXBuildFile; fileRef = 3DC53F57423A307EE83B14F9 /* ManagedObjects.swift */; };
		8C126C66F0A0D128FFB60179 /* SessionHistoryView.swift in Sources */ = {isa = PBXBuildFile; fileRef = 112CA60CFF8698CB6DD9E43E /* SessionHistoryView.swift */; };
		901E05A34F856A02AA312BA8 /* OpenAICompatibleProvider.swift in Sources */ = {isa = PBXBuildFile; fileRef = FB6A378A77032DFCD14F301C /* OpenAICompatibleProvider.swift */; };
		B206BECAB7F6D54E1A2F210D /* TranscriptionManager.swift in Sources */ = {isa = PBXBuildFile; fileRef = 0764D156F433EB09349C1524 /* TranscriptionManager.swift */; };
		B32DD3AA961F70C739AF8580 /* Assets.xcassets in Resources */ = {isa = PBXBuildFile; fileRef = BF83A8DFA3B207D77381D539 /* Assets.xcassets */; };
		BDC0F4AD42FD9E62B04231BF /* DKEApp.swift in Sources */ = {isa = PBXBuildFile; fileRef = 7966C821012806955E6A332B /* DKEApp.swift */; };
		BF467FFFC3BC75A29A112DEC /* ContentView.swift in Sources */ = {isa = PBXBuildFile; fileRef = 6498D1A166A08CB4CDD489FC /* ContentView.swift */; };
		C600809C52173B619228D25A /* FloatingWidgetView.swift in Sources */ = {isa = PBXBuildFile; fileRef = ED18B1089973109AD41C2501 /* FloatingWidgetView.swift */; };
		CE1D56061A01C295E38FCFAE /* Enums.swift in Sources */ = {isa = PBXBuildFile; fileRef = A735A14C337F90AC8A7A2241 /* Enums.swift */; };
		D228BFC9A79A496A858EC6ED /* SpeechTranscriber.swift in Sources */ = {isa = PBXBuildFile; fileRef = DE612199ED83E37217ACB99F /* SpeechTranscriber.swift */; };
		D5AB18E33A4C60B97741D99C /* LLMProvider.swift in Sources */ = {isa = PBXBuildFile; fileRef = 8F7A026D62335D7E58016AE6 /* LLMProvider.swift */; };
		D702B7A4DD0979FC095317D1 /* PersistenceController.swift in Sources */ = {isa = PBXBuildFile; fileRef = 614C8E29B37C34FF798C98F6 /* PersistenceController.swift */; };
		E30025B07EEEE90FCDD64F25 /* AudioCaptureManager.swift in Sources */ = {isa = PBXBuildFile; fileRef = DECFAA7534B76EF17DC3EA1B /* AudioCaptureManager.swift */; };
		E75B65AE1A0F550446FF6C7C /* DataStore.swift in Sources */ = {isa = PBXBuildFile; fileRef = B5FDAE76B04FFCE5E23CB451 /* DataStore.swift */; };
		F07F174D163CE4040D47BFFF /* LLMRouter.swift in Sources */ = {isa = PBXBuildFile; fileRef = 56BC3834E673BFE316D4CC69 /* LLMRouter.swift */; };
/* End PBXBuildFile section */

/* Begin PBXContainerItemProxy section */
		48A5B35AE413C8FA69CA7D9D /* PBXContainerItemProxy */ = {
			isa = PBXContainerItemProxy;
			containerPortal = 1ABEEE27090E697DEF4A3AA9 /* Project object */;
			proxyType = 1;
			remoteGlobalIDString = D214C06D5B5A239C255ACB97;
			remoteInfo = DKE;
		};
/* End PBXContainerItemProxy section */

/* Begin PBXFileReference section */
		0126A64299849DE5B9210017 /* CoreDataModel.swift */ = {isa = PBXFileReference; lastKnownFileType = sourcecode.swift; path = CoreDataModel.swift; sourceTree = "<group>"; };
		0764D156F433EB09349C1524 /* TranscriptionManager.swift */ = {isa = PBXFileReference; lastKnownFileType = sourcecode.swift; path = TranscriptionManager.swift; sourceTree = "<group>"; };
		0B537A52BBDC657E0532D2C7 /* DKE.app */ = {isa = PBXFileReference; explicitFileType = wrapper.application; includeInIndex = 0; path = DKE.app; sourceTree = BUILT_PRODUCTS_DIR; };
		112CA60CFF8698CB6DD9E43E /* SessionHistoryView.swift */ = {isa = PBXFileReference; lastKnownFileType = sourcecode.swift; path = SessionHistoryView.swift; sourceTree = "<group>"; };
		241E77DEAB2637C886E754BF /* FloatingWidgetPanel.swift */ = {isa = PBXFileReference; lastKnownFileType = sourcecode.swift; path = FloatingWidgetPanel.swift; sourceTree = "<group>"; };
		356A87C3DFBE6F73FF50A393 /* KnowledgeBrowserView.swift */ = {isa = PBXFileReference; lastKnownFileType = sourcecode.swift; path = KnowledgeBrowserView.swift; sourceTree = "<group>"; };
		3B50C619A8308F67DE1C9ECA /* MicrophoneCapture.swift */ = {isa = PBXFileReference; lastKnownFileType = sourcecode.swift; path = MicrophoneCapture.swift; sourceTree = "<group>"; };
		3DC53F57423A307EE83B14F9 /* ManagedObjects.swift */ = {isa = PBXFileReference; lastKnownFileType = sourcecode.swift; path = ManagedObjects.swift; sourceTree = "<group>"; };
		45F6D1C43FD4F038B52E1BC6 /* OllamaProvider.swift */ = {isa = PBXFileReference; lastKnownFileType = sourcecode.swift; path = OllamaProvider.swift; sourceTree = "<group>"; };
		481D3D9188856AD817273D29 /* WhisperContext.swift */ = {isa = PBXFileReference; lastKnownFileType = sourcecode.swift; path = WhisperContext.swift; sourceTree = "<group>"; };
		51DD92DFDDC8D376686F6470 /* SessionDetailView.swift */ = {isa = PBXFileReference; lastKnownFileType = sourcecode.swift; path = SessionDetailView.swift; sourceTree = "<group>"; };
		56BC3834E673BFE316D4CC69 /* LLMRouter.swift */ = {isa = PBXFileReference; lastKnownFileType = sourcecode.swift; path = LLMRouter.swift; sourceTree = "<group>"; };
		58A6BD490393137DCF222721 /* Prompts.swift */ = {isa = PBXFileReference; lastKnownFileType = sourcecode.swift; path = Prompts.swift; sourceTree = "<group>"; };
		5AF224A0F2864B47D556888A /* DKE.entitlements */ = {isa = PBXFileReference; lastKnownFileType = text.plist.entitlements; path = DKE.entitlements; sourceTree = "<group>"; };
		614C8E29B37C34FF798C98F6 /* PersistenceController.swift */ = {isa = PBXFileReference; lastKnownFileType = sourcecode.swift; path = PersistenceController.swift; sourceTree = "<group>"; };
		6498D1A166A08CB4CDD489FC /* ContentView.swift */ = {isa = PBXFileReference; lastKnownFileType = sourcecode.swift; path = ContentView.swift; sourceTree = "<group>"; };
		6F7F99E38DB2A27724EA1C88 /* Info.plist */ = {isa = PBXFileReference; lastKnownFileType = text.plist; path = Info.plist; sourceTree = "<group>"; };
		7966C821012806955E6A332B /* DKEApp.swift */ = {isa = PBXFileReference; lastKnownFileType = sourcecode.swift; path = DKEApp.swift; sourceTree = "<group>"; };
		8585BC6A49AF6030FF4AFC92 /* SessionOrchestrator.swift */ = {isa = PBXFileReference; lastKnownFileType = sourcecode.swift; path = SessionOrchestrator.swift; sourceTree = "<group>"; };
		895AEF2D4E6ADDA2DDB1A398 /* DKETests.xctest */ = {isa = PBXFileReference; explicitFileType = wrapper.cfbundle; includeInIndex = 0; path = DKETests.xctest; sourceTree = BUILT_PRODUCTS_DIR; };
		8F7A026D62335D7E58016AE6 /* LLMProvider.swift */ = {isa = PBXFileReference; lastKnownFileType = sourcecode.swift; path = LLMProvider.swift; sourceTree = "<group>"; };
		9B82F975E4A8190F1EE0AC4A /* .gitkeep */ = {isa = PBXFileReference; path = .gitkeep; sourceTree = "<group>"; };
		A44C43CD3198FFDC48205C15 /* SystemAudioCapture.swift */ = {isa = PBXFileReference; lastKnownFileType = sourcecode.swift; path = SystemAudioCapture.swift; sourceTree = "<group>"; };
		A735A14C337F90AC8A7A2241 /* Enums.swift */ = {isa = PBXFileReference; lastKnownFileType = sourcecode.swift; path = Enums.swift; sourceTree = "<group>"; };
		B0473B81201F565CBCBE0BF1 /* AudioChunker.swift */ = {isa = PBXFileReference; lastKnownFileType = sourcecode.swift; path = AudioChunker.swift; sourceTree = "<group>"; };
		B466DAF16ED137C69AF13E04 /* DKETests.swift */ = {isa = PBXFileReference; lastKnownFileType = sourcecode.swift; path = DKETests.swift; sourceTree = "<group>"; };
		B5FDAE76B04FFCE5E23CB451 /* DataStore.swift */ = {isa = PBXFileReference; lastKnownFileType = sourcecode.swift; path = DataStore.swift; sourceTree = "<group>"; };
		BF83A8DFA3B207D77381D539 /* Assets.xcassets */ = {isa = PBXFileReference; lastKnownFileType = folder.assetcatalog; path = Assets.xcassets; sourceTree = "<group>"; };
		DB2535F0593D88FE4D08D91B /* SettingsView.swift */ = {isa = PBXFileReference; lastKnownFileType = sourcecode.swift; path = SettingsView.swift; sourceTree = "<group>"; };
		DE612199ED83E37217ACB99F /* SpeechTranscriber.swift */ = {isa = PBXFileReference; lastKnownFileType = sourcecode.swift; path = SpeechTranscriber.swift; sourceTree = "<group>"; };
		DECFAA7534B76EF17DC3EA1B /* AudioCaptureManager.swift */ = {isa = PBXFileReference; lastKnownFileType = sourcecode.swift; path = AudioCaptureManager.swift; sourceTree = "<group>"; };
		ED18B1089973109AD41C2501 /* FloatingWidgetView.swift */ = {isa = PBXFileReference; lastKnownFileType = sourcecode.swift; path = FloatingWidgetView.swift; sourceTree = "<group>"; };
		EE9743C59E1C5D7B11E9360E /* .gitkeep */ = {isa = PBXFileReference; path = .gitkeep; sourceTree = "<group>"; };
		F12FE1332BE466D7829AE001 /* AnalysisEngine.swift */ = {isa = PBXFileReference; lastKnownFileType = sourcecode.swift; path = AnalysisEngine.swift; sourceTree = "<group>"; };
		FB6A378A77032DFCD14F301C /* OpenAICompatibleProvider.swift */ = {isa = PBXFileReference; lastKnownFileType = sourcecode.swift; path = OpenAICompatibleProvider.swift; sourceTree = "<group>"; };
		FCFB14EBA1CF1B6CA87B18C9 /* AnthropicProvider.swift */ = {isa = PBXFileReference; lastKnownFileType = sourcecode.swift; path = AnthropicProvider.swift; sourceTree = "<group>"; };
/* End PBXFileReference section */

/* Begin PBXGroup section */
		0555F72D52CDE607920B4204 /* Analysis */ = {
			isa = PBXGroup;
			children = (
				F12FE1332BE466D7829AE001 /* AnalysisEngine.swift */,
				58A6BD490393137DCF222721 /* Prompts.swift */,
			);
			path = Analysis;
			sourceTree = "<group>";
		};
		0CF43E3284D990BF1B591926 /* Products */ = {
			isa = PBXGroup;
			children = (
				0B537A52BBDC657E0532D2C7 /* DKE.app */,
				895AEF2D4E6ADDA2DDB1A398 /* DKETests.xctest */,
			);
			name = Products;
			sourceTree = "<group>";
		};
		266D4C1C0F434BFD274AEE58 /* DKE */ = {
			isa = PBXGroup;
			children = (
				BF83A8DFA3B207D77381D539 /* Assets.xcassets */,
				6498D1A166A08CB4CDD489FC /* ContentView.swift */,
				5AF224A0F2864B47D556888A /* DKE.entitlements */,
				7966C821012806955E6A332B /* DKEApp.swift */,
				6F7F99E38DB2A27724EA1C88 /* Info.plist */,
				0555F72D52CDE607920B4204 /* Analysis */,
				B526F10882D50B7D4F70CDDF /* App */,
				8EA68DA77FFA7A852AB4B3AB /* Audio */,
				7C19799A25B1CC6F3D05933D /* KnowledgeBase */,
				6EC05021F54D3F8A20915570 /* Models */,
				B04C9F779AE927CF8072A515 /* Nudge */,
				DEE5EA985B7C10A08E38B953 /* Sessions */,
				D027AB86F437C7A5B5924083 /* Settings */,
				827C75C067A8421E1AD38560 /* Transcription */,
				D6D42C33FA369E1C189A4606 /* Widget */,
			);
			path = DKE;
			sourceTree = "<group>";
		};
		6EC05021F54D3F8A20915570 /* Models */ = {
			isa = PBXGroup;
			children = (
				FCFB14EBA1CF1B6CA87B18C9 /* AnthropicProvider.swift */,
				8F7A026D62335D7E58016AE6 /* LLMProvider.swift */,
				56BC3834E673BFE316D4CC69 /* LLMRouter.swift */,
				45F6D1C43FD4F038B52E1BC6 /* OllamaProvider.swift */,
				FB6A378A77032DFCD14F301C /* OpenAICompatibleProvider.swift */,
			);
			path = Models;
			sourceTree = "<group>";
		};
		7C19799A25B1CC6F3D05933D /* KnowledgeBase */ = {
			isa = PBXGroup;
			children = (
				9B82F975E4A8190F1EE0AC4A /* .gitkeep */,
				0126A64299849DE5B9210017 /* CoreDataModel.swift */,
				B5FDAE76B04FFCE5E23CB451 /* DataStore.swift */,
				A735A14C337F90AC8A7A2241 /* Enums.swift */,
				356A87C3DFBE6F73FF50A393 /* KnowledgeBrowserView.swift */,
				3DC53F57423A307EE83B14F9 /* ManagedObjects.swift */,
				614C8E29B37C34FF798C98F6 /* PersistenceController.swift */,
			);
			path = KnowledgeBase;
			sourceTree = "<group>";
		};
		827C75C067A8421E1AD38560 /* Transcription */ = {
			isa = PBXGroup;
			children = (
				DE612199ED83E37217ACB99F /* SpeechTranscriber.swift */,
				0764D156F433EB09349C1524 /* TranscriptionManager.swift */,
				481D3D9188856AD817273D29 /* WhisperContext.swift */,
			);
			path = Transcription;
			sourceTree = "<group>";
		};
		8EA68DA77FFA7A852AB4B3AB /* Audio */ = {
			isa = PBXGroup;
			children = (
				DECFAA7534B76EF17DC3EA1B /* AudioCaptureManager.swift */,
				B0473B81201F565CBCBE0BF1 /* AudioChunker.swift */,
				3B50C619A8308F67DE1C9ECA /* MicrophoneCapture.swift */,
				A44C43CD3198FFDC48205C15 /* SystemAudioCapture.swift */,
			);
			path = Audio;
			sourceTree = "<group>";
		};
		A595B9EC3795BBD8E7152689 = {
			isa = PBXGroup;
			children = (
				266D4C1C0F434BFD274AEE58 /* DKE */,
				D77C78BA5008651268A00232 /* DKETests */,
				0CF43E3284D990BF1B591926 /* Products */,
			);
			sourceTree = "<group>";
		};
		B04C9F779AE927CF8072A515 /* Nudge */ = {
			isa = PBXGroup;
			children = (
				EE9743C59E1C5D7B11E9360E /* .gitkeep */,
			);
			path = Nudge;
			sourceTree = "<group>";
		};
		B526F10882D50B7D4F70CDDF /* App */ = {
			isa = PBXGroup;
			children = (
				8585BC6A49AF6030FF4AFC92 /* SessionOrchestrator.swift */,
			);
			path = App;
			sourceTree = "<group>";
		};
		D027AB86F437C7A5B5924083 /* Settings */ = {
			isa = PBXGroup;
			children = (
				DB2535F0593D88FE4D08D91B /* SettingsView.swift */,
			);
			path = Settings;
			sourceTree = "<group>";
		};
		D6D42C33FA369E1C189A4606 /* Widget */ = {
			isa = PBXGroup;
			children = (
				241E77DEAB2637C886E754BF /* FloatingWidgetPanel.swift */,
				ED18B1089973109AD41C2501 /* FloatingWidgetView.swift */,
			);
			path = Widget;
			sourceTree = "<group>";
		};
		D77C78BA5008651268A00232 /* DKETests */ = {
			isa = PBXGroup;
			children = (
				B466DAF16ED137C69AF13E04 /* DKETests.swift */,
			);
			path = DKETests;
			sourceTree = "<group>";
		};
		DEE5EA985B7C10A08E38B953 /* Sessions */ = {
			isa = PBXGroup;
			children = (
				51DD92DFDDC8D376686F6470 /* SessionDetailView.swift */,
				112CA60CFF8698CB6DD9E43E /* SessionHistoryView.swift */,
			);
			path = Sessions;
			sourceTree = "<group>";
		};
/* End PBXGroup section */

/* Begin PBXNativeTarget section */
		739C4A9F5EE658CF73E199F8 /* DKETests */ = {
			isa = PBXNativeTarget;
			buildConfigurationList = BCD730F4E0EE5BF45A5E2320 /* Build configuration list for PBXNativeTarget "DKETests" */;
			buildPhases = (
				9351385737701D34913B17EB /* Sources */,
			);
			buildRules = (
			);
			dependencies = (
				2205E82713375B1B60159432 /* PBXTargetDependency */,
			);
			name = DKETests;
			packageProductDependencies = (
			);
			productName = DKETests;
			productReference = 895AEF2D4E6ADDA2DDB1A398 /* DKETests.xctest */;
			productType = "com.apple.product-type.bundle.unit-test";
		};
		D214C06D5B5A239C255ACB97 /* DKE */ = {
			isa = PBXNativeTarget;
			buildConfigurationList = 6647039709FEB0938ACEB7EC /* Build configuration list for PBXNativeTarget "DKE" */;
			buildPhases = (
				ECC738A2634FC0A0FB9F1062 /* Sources */,
				5C31868FFCBF093331E9734E /* Resources */,
			);
			buildRules = (
			);
			dependencies = (
			);
			name = DKE;
			packageProductDependencies = (
			);
			productName = DKE;
			productReference = 0B537A52BBDC657E0532D2C7 /* DKE.app */;
			productType = "com.apple.product-type.application";
		};
/* End PBXNativeTarget section */

/* Begin PBXProject section */
		1ABEEE27090E697DEF4A3AA9 /* Project object */ = {
			isa = PBXProject;
			attributes = {
				BuildIndependentTargetsInParallel = YES;
				LastUpgradeCheck = 1500;
			};
			buildConfigurationList = A78DDF8B5D83DC37BDDE2EF2 /* Build configuration list for PBXProject "DKE" */;
			compatibilityVersion = "Xcode 14.0";
			developmentRegion = en;
			hasScannedForEncodings = 0;
			knownRegions = (
				Base,
				en,
			);
			mainGroup = A595B9EC3795BBD8E7152689;
			minimizedProjectReferenceProxies = 1;
			preferredProjectObjectVersion = 77;
			projectDirPath = "";
			projectRoot = "";
			targets = (
				D214C06D5B5A239C255ACB97 /* DKE */,
				739C4A9F5EE658CF73E199F8 /* DKETests */,
			);
		};
/* End PBXProject section */

/* Begin PBXResourcesBuildPhase section */
		5C31868FFCBF093331E9734E /* Resources */ = {
			isa = PBXResourcesBuildPhase;
			buildActionMask = 2147483647;
			files = (
				B32DD3AA961F70C739AF8580 /* Assets.xcassets in Resources */,
			);
			runOnlyForDeploymentPostprocessing = 0;
		};
/* End PBXResourcesBuildPhase section */

/* Begin PBXSourcesBuildPhase section */
		9351385737701D34913B17EB /* Sources */ = {
			isa = PBXSourcesBuildPhase;
			buildActionMask = 2147483647;
			files = (
				2F90F87DEAB2B14826B418A9 /* DKETests.swift in Sources */,
			);
			runOnlyForDeploymentPostprocessing = 0;
		};
		ECC738A2634FC0A0FB9F1062 /* Sources */ = {
			isa = PBXSourcesBuildPhase;
			buildActionMask = 2147483647;
			files = (
				1531546FD9F8A26BFAF1DB24 /* AnalysisEngine.swift in Sources */,
				587D467B6EE0C28CA7F7884A /* AnthropicProvider.swift in Sources */,
				E30025B07EEEE90FCDD64F25 /* AudioCaptureManager.swift in Sources */,
				27827C0639876901D93F1639 /* AudioChunker.swift in Sources */,
				BF467FFFC3BC75A29A112DEC /* ContentView.swift in Sources */,
				47FCB2DE15E34213775B99AD /* CoreDataModel.swift in Sources */,
				BDC0F4AD42FD9E62B04231BF /* DKEApp.swift in Sources */,
				E75B65AE1A0F550446FF6C7C /* DataStore.swift in Sources */,
				CE1D56061A01C295E38FCFAE /* Enums.swift in Sources */,
				04B319C51ECCA34B22F9F0DD /* FloatingWidgetPanel.swift in Sources */,
				C600809C52173B619228D25A /* FloatingWidgetView.swift in Sources */,
				335D075F19376112AA79C9A9 /* KnowledgeBrowserView.swift in Sources */,
				D5AB18E33A4C60B97741D99C /* LLMProvider.swift in Sources */,
				F07F174D163CE4040D47BFFF /* LLMRouter.swift in Sources */,
				75EF019648BEB0BF97B40702 /* ManagedObjects.swift in Sources */,
				2E16E519EA8C90CD29678AA9 /* MicrophoneCapture.swift in Sources */,
				2E16985C4F2808776711842B /* OllamaProvider.swift in Sources */,
				901E05A34F856A02AA312BA8 /* OpenAICompatibleProvider.swift in Sources */,
				D702B7A4DD0979FC095317D1 /* PersistenceController.swift in Sources */,
				2FCE228CF86C40A5871928AC /* Prompts.swift in Sources */,
				3894E038735997B66E430327 /* SessionDetailView.swift in Sources */,
				8C126C66F0A0D128FFB60179 /* SessionHistoryView.swift in Sources */,
				69BA54F4DB4A61745B19BFDF /* SessionOrchestrator.swift in Sources */,
				6EC9A5E79FA6A17770FB6446 /* SettingsView.swift in Sources */,
				D228BFC9A79A496A858EC6ED /* SpeechTranscriber.swift in Sources */,
				01CDE8182897CEAD4C478BC3 /* SystemAudioCapture.swift in Sources */,
				B206BECAB7F6D54E1A2F210D /* TranscriptionManager.swift in Sources */,
				5C1A18E6075C7BDBE72DE438 /* WhisperContext.swift in Sources */,
			);
			runOnlyForDeploymentPostprocessing = 0;
		};
/* End PBXSourcesBuildPhase section */

/* Begin PBXTargetDependency section */
		2205E82713375B1B60159432 /* PBXTargetDependency */ = {
			isa = PBXTargetDependency;
			target = D214C06D5B5A239C255ACB97 /* DKE */;
			targetProxy = 48A5B35AE413C8FA69CA7D9D /* PBXContainerItemProxy */;
		};
/* End PBXTargetDependency section */

/* Begin XCBuildConfiguration section */
		0E7540F7A4895685CF863BBF /* Release */ = {
			isa = XCBuildConfiguration;
			buildSettings = {
				ASSETCATALOG_COMPILER_APPICON_NAME = AppIcon;
				CODE_SIGN_ENTITLEMENTS = DKE/DKE.entitlements;
				COMBINE_HIDPI_IMAGES = YES;
				GENERATE_INFOPLIST_FILE = NO;
				INFOPLIST_FILE = DKE/Info.plist;
				LD_RUNPATH_SEARCH_PATHS = (
					"$(inherited)",
					"@executable_path/../Frameworks",
				);
				PRODUCT_BUNDLE_IDENTIFIER = com.incentro.ai.DKE;
				SDKROOT = macosx;
			};
			name = Release;
		};
		4297E1DEF11343337DE541FD /* Debug */ = {
			isa = XCBuildConfiguration;
			buildSettings = {
				ALWAYS_SEARCH_USER_PATHS = NO;
				CLANG_ANALYZER_NONNULL = YES;
				CLANG_ANALYZER_NUMBER_OBJECT_CONVERSION = YES_AGGRESSIVE;
				CLANG_CXX_LANGUAGE_STANDARD = "gnu++14";
				CLANG_CXX_LIBRARY = "libc++";
				CLANG_ENABLE_MODULES = YES;
				CLANG_ENABLE_OBJC_ARC = YES;
				CLANG_ENABLE_OBJC_WEAK = YES;
				CLANG_WARN_BLOCK_CAPTURE_AUTORELEASING = YES;
				CLANG_WARN_BOOL_CONVERSION = YES;
				CLANG_WARN_COMMA = YES;
				CLANG_WARN_CONSTANT_CONVERSION = YES;
				CLANG_WARN_DEPRECATED_OBJC_IMPLEMENTATIONS = YES;
				CLANG_WARN_DIRECT_OBJC_ISA_USAGE = YES_ERROR;
				CLANG_WARN_DOCUMENTATION_COMMENTS = YES;
				CLANG_WARN_EMPTY_BODY = YES;
				CLANG_WARN_ENUM_CONVERSION = YES;
				CLANG_WARN_INFINITE_RECURSION = YES;
				CLANG_WARN_INT_CONVERSION = YES;
				CLANG_WARN_NON_LITERAL_NULL_CONVERSION = YES;
				CLANG_WARN_OBJC_IMPLICIT_RETAIN_SELF = YES;
				CLANG_WARN_OBJC_LITERAL_CONVERSION = YES;
				CLANG_WARN_OBJC_ROOT_CLASS = YES_ERROR;
				CLANG_WARN_QUOTED_INCLUDE_IN_FRAMEWORK_HEADER = YES;
				CLANG_WARN_RANGE_LOOP_ANALYSIS = YES;
				CLANG_WARN_STRICT_PROTOTYPES = YES;
				CLANG_WARN_SUSPICIOUS_MOVE = YES;
				CLANG_WARN_UNGUARDED_AVAILABILITY = YES_AGGRESSIVE;
				CLANG_WARN_UNREACHABLE_CODE = YES;
				CLANG_WARN__DUPLICATE_METHOD_MATCH = YES;
				COPY_PHASE_STRIP = NO;
				DEBUG_INFORMATION_FORMAT = dwarf;
				ENABLE_STRICT_OBJC_MSGSEND = YES;
				ENABLE_TESTABILITY = YES;
				GCC_C_LANGUAGE_STANDARD = gnu11;
				GCC_DYNAMIC_NO_PIC = NO;
				GCC_NO_COMMON_BLOCKS = YES;
				GCC_OPTIMIZATION_LEVEL = 0;
				GCC_PREPROCESSOR_DEFINITIONS = (
					"$(inherited)",
					"DEBUG=1",
				);
				GCC_WARN_64_TO_32_BIT_CONVERSION = YES;
				GCC_WARN_ABOUT_RETURN_TYPE = YES_ERROR;
				GCC_WARN_UNDECLARED_SELECTOR = YES;
				GCC_WARN_UNINITIALIZED_AUTOS = YES_AGGRESSIVE;
				GCC_WARN_UNUSED_FUNCTION = YES;
				GCC_WARN_UNUSED_VARIABLE = YES;
				MACOSX_DEPLOYMENT_TARGET = 14.0;
				MTL_ENABLE_DEBUG_INFO = INCLUDE_SOURCE;
				MTL_FAST_MATH = YES;
				ONLY_ACTIVE_ARCH = YES;
				PRODUCT_NAME = "$(TARGET_NAME)";
				SDKROOT = macosx;
				SWIFT_ACTIVE_COMPILATION_CONDITIONS = DEBUG;
				SWIFT_OPTIMIZATION_LEVEL = "-Onone";
				SWIFT_VERSION = 5.9;
			};
			name = Debug;
		};
		49BC5427F3E5D687C1F23DE9 /* Release */ = {
			isa = XCBuildConfiguration;
			buildSettings = {
				ALWAYS_SEARCH_USER_PATHS = NO;
				CLANG_ANALYZER_NONNULL = YES;
				CLANG_ANALYZER_NUMBER_OBJECT_CONVERSION = YES_AGGRESSIVE;
				CLANG_CXX_LANGUAGE_STANDARD = "gnu++14";
				CLANG_CXX_LIBRARY = "libc++";
				CLANG_ENABLE_MODULES = YES;
				CLANG_ENABLE_OBJC_ARC = YES;
				CLANG_ENABLE_OBJC_WEAK = YES;
				CLANG_WARN_BLOCK_CAPTURE_AUTORELEASING = YES;
				CLANG_WARN_BOOL_CONVERSION = YES;
				CLANG_WARN_COMMA = YES;
				CLANG_WARN_CONSTANT_CONVERSION = YES;
				CLANG_WARN_DEPRECATED_OBJC_IMPLEMENTATIONS = YES;
				CLANG_WARN_DIRECT_OBJC_ISA_USAGE = YES_ERROR;
				CLANG_WARN_DOCUMENTATION_COMMENTS = YES;
				CLANG_WARN_EMPTY_BODY = YES;
				CLANG_WARN_ENUM_CONVERSION = YES;
				CLANG_WARN_INFINITE_RECURSION = YES;
				CLANG_WARN_INT_CONVERSION = YES;
				CLANG_WARN_NON_LITERAL_NULL_CONVERSION = YES;
				CLANG_WARN_OBJC_IMPLICIT_RETAIN_SELF = YES;
				CLANG_WARN_OBJC_LITERAL_CONVERSION = YES;
				CLANG_WARN_OBJC_ROOT_CLASS = YES_ERROR;
				CLANG_WARN_QUOTED_INCLUDE_IN_FRAMEWORK_HEADER = YES;
				CLANG_WARN_RANGE_LOOP_ANALYSIS = YES;
				CLANG_WARN_STRICT_PROTOTYPES = YES;
				CLANG_WARN_SUSPICIOUS_MOVE = YES;
				CLANG_WARN_UNGUARDED_AVAILABILITY = YES_AGGRESSIVE;
				CLANG_WARN_UNREACHABLE_CODE = YES;
				CLANG_WARN__DUPLICATE_METHOD_MATCH = YES;
				COPY_PHASE_STRIP = NO;
				DEBUG_INFORMATION_FORMAT = "dwarf-with-dsym";
				ENABLE_NS_ASSERTIONS = NO;
				ENABLE_STRICT_OBJC_MSGSEND = YES;
				GCC_C_LANGUAGE_STANDARD = gnu11;
				GCC_NO_COMMON_BLOCKS = YES;
				GCC_WARN_64_TO_32_BIT_CONVERSION = YES;
				GCC_WARN_ABOUT_RETURN_TYPE = YES_ERROR;
				GCC_WARN_UNDECLARED_SELECTOR = YES;
				GCC_WARN_UNINITIALIZED_AUTOS = YES_AGGRESSIVE;
				GCC_WARN_UNUSED_FUNCTION = YES;
				GCC_WARN_UNUSED_VARIABLE = YES;
				MACOSX_DEPLOYMENT_TARGET = 14.0;
				MTL_ENABLE_DEBUG_INFO = NO;
				MTL_FAST_MATH = YES;
				PRODUCT_NAME = "$(TARGET_NAME)";
				SDKROOT = macosx;
				SWIFT_COMPILATION_MODE = wholemodule;
				SWIFT_OPTIMIZATION_LEVEL = "-O";
				SWIFT_VERSION = 5.9;
			};
			name = Release;
		};
		636699F6FBFDDD3B3B73B93B /* Debug */ = {
			isa = XCBuildConfiguration;
			buildSettings = {
				ASSETCATALOG_COMPILER_APPICON_NAME = AppIcon;
				CODE_SIGN_ENTITLEMENTS = DKE/DKE.entitlements;
				COMBINE_HIDPI_IMAGES = YES;
				GENERATE_INFOPLIST_FILE = NO;
				INFOPLIST_FILE = DKE/Info.plist;
				LD_RUNPATH_SEARCH_PATHS = (
					"$(inherited)",
					"@executable_path/../Frameworks",
				);
				PRODUCT_BUNDLE_IDENTIFIER = com.incentro.ai.DKE;
				SDKROOT = macosx;
			};
			name = Debug;
		};
		DE0647F973395BACCDD67F1B /* Release */ = {
			isa = XCBuildConfiguration;
			buildSettings = {
				BUNDLE_LOADER = "$(TEST_HOST)";
				COMBINE_HIDPI_IMAGES = YES;
				LD_RUNPATH_SEARCH_PATHS = (
					"$(inherited)",
					"@executable_path/../Frameworks",
					"@loader_path/../Frameworks",
				);
				PRODUCT_BUNDLE_IDENTIFIER = com.incentro.ai.DKETests;
				SDKROOT = macosx;
				TEST_HOST = "$(BUILT_PRODUCTS_DIR)/DKE.app/Contents/MacOS/DKE";
			};
			name = Release;
		};
		F71C1C44491387D558FEDFB5 /* Debug */ = {
			isa = XCBuildConfiguration;
			buildSettings = {
				BUNDLE_LOADER = "$(TEST_HOST)";
				COMBINE_HIDPI_IMAGES = YES;
				LD_RUNPATH_SEARCH_PATHS = (
					"$(inherited)",
					"@executable_path/../Frameworks",
					"@loader_path/../Frameworks",
				);
				PRODUCT_BUNDLE_IDENTIFIER = com.incentro.ai.DKETests;
				SDKROOT = macosx;
				TEST_HOST = "$(BUILT_PRODUCTS_DIR)/DKE.app/Contents/MacOS/DKE";
			};
			name = Debug;
		};
/* End XCBuildConfiguration section */

/* Begin XCConfigurationList section */
		6647039709FEB0938ACEB7EC /* Build configuration list for PBXNativeTarget "DKE" */ = {
			isa = XCConfigurationList;
			buildConfigurations = (
				636699F6FBFDDD3B3B73B93B /* Debug */,
				0E7540F7A4895685CF863BBF /* Release */,
			);
			defaultConfigurationIsVisible = 0;
			defaultConfigurationName = Debug;
		};
		A78DDF8B5D83DC37BDDE2EF2 /* Build configuration list for PBXProject "DKE" */ = {
			isa = XCConfigurationList;
			buildConfigurations = (
				4297E1DEF11343337DE541FD /* Debug */,
				49BC5427F3E5D687C1F23DE9 /* Release */,
			);
			defaultConfigurationIsVisible = 0;
			defaultConfigurationName = Debug;
		};
		BCD730F4E0EE5BF45A5E2320 /* Build configuration list for PBXNativeTarget "DKETests" */ = {
			isa = XCConfigurationList;
			buildConfigurations = (
				F71C1C44491387D558FEDFB5 /* Debug */,
				DE0647F973395BACCDD67F1B /* Release */,
			);
			defaultConfigurationIsVisible = 0;
			defaultConfigurationName = Debug;
		};
/* End XCConfigurationList section */
	};
	rootObject = 1ABEEE27090E697DEF4A3AA9 /* Project object */;
}
